
Microsoft Visual Studio Solution File, Format Version 12.00
# Visual Studio 15
VisualStudioVersion = 15.0.27130.2036
MinimumVisualStudioVersion = 10.0.40219.1
Project("{FAE04EC0-301F-11D3-BF4B-00C04F79EFBC}") = "PodDownloader", "PodDownloader\PodDownloader.csproj", "{3EFB4225-E2CA-4821-BE8C-09806745B92B}"
EndProject
Project("{9A19103F-16F7-4668-BE54-9A1E7A4F7556}") = "BatchDownloader", "BatchDownloader\BatchDownloader.csproj", "{E0BF01E6-779B-4027-B810-7B1188251E61}"
EndProject
Project("{9A19103F-16F7-4668-BE54-9A1E7A4F7556}") = "TestConsoleApp", "TestConsoleApp\TestConsoleApp.csproj", "{8D4E8131-AA28-4A1A-B15C-3730EF1B31B1}"
EndProject
Project("{FAE04EC0-301F-11D3-BF4B-00C04F79EFBC}") = "UnitTest", "UnitTest\UnitTest.csproj", "{821F26CB-C9C0-4BC0-9949-C1456725C4A9}"
EndProject
Global
	GlobalSection(SolutionConfigurationPlatforms) = preSolution
		Debug|Any CPU = Debug|Any CPU
		Release|Any CPU = Release|Any CPU
	EndGlobalSection
	GlobalSection(ProjectConfigurationPlatforms) = postSolution
		{3EFB4225-E2CA-4821-BE8C-09806745B92B}.Debug|Any CPU.ActiveCfg = Debug|Any CPU
		{3EFB4225-E2CA-4821-BE8C-09806745B92B}.Debug|Any CPU.Build.0 = Debug|Any CPU
		{3EFB4225-E2CA-4821-BE8C-09806745B92B}.Debug|Any CPU.Deploy.0 = Debug|Any CPU
		{3EFB4225-E2CA-4821-BE8C-09806745B92B}.Release|Any CPU.ActiveCfg = Release|Any CPU
		{3EFB4225-E2CA-4821-BE8C-09806745B92B}.Release|Any CPU.Build.0 = Release|Any CPU
		{3EFB4225-E2CA-4821-BE8C-09806745B92B}.Release|Any CPU.Deploy.0 = Release|Any CPU
		{E0BF01E6-779B-4027-B810-7B1188251E61}.Debug|Any CPU.ActiveCfg = Debug|Any CPU
		{E0BF01E6-779B-4027-B810-7B1188251E61}.Debug|Any CPU.Build.0 = Debug|Any CPU
		{E0BF01E6-779B-4027-B810-7B1188251E61}.Release|Any CPU.ActiveCfg = Release|Any CPU
		{E0BF01E6-779B-4027-B810-7B1188251E61}.Release|Any CPU.Build.0 = Release|Any CPU
		{8D4E8131-AA28-4A1A-B15C-3730EF1B31B1}.Debug|Any CPU.ActiveCfg = Debug|Any CPU
		{8D4E8131-AA28-4A1A-B15C-3730EF1B31B1}.Debug|Any CPU.Build.0 = Debug|Any CPU
		{8D4E8131-AA28-4A1A-B15C-3730EF1B31B1}.Release|Any CPU.ActiveCfg = Release|Any CPU
		{8D4E8131-AA28-4A1A-B15C-3730EF1B31B1}.Release|Any CPU.Build.0 = Release|Any CPU
		{821F26CB-C9C0-4BC0-9949-C1456725C4A9}.Debug|Any CPU.ActiveCfg = Debug|Any CPU
		{821F26CB-C9C0-4BC0-9949-C1456725C4A9}.Debug|Any CPU.Build.0 = Debug|Any CPU
		{821F26CB-C9C0-4BC0-9949-C1456725C4A9}.Release|Any CPU.ActiveCfg = Release|Any CPU
		{821F26CB-C9C0-4BC0-9949-C1456725C4A9}.Release|Any CPU.Build.0 = Release|Any CPU
	EndGlobalSection
	GlobalSection(SolutionProperties) = preSolution
		HideSolutionNode = FALSE
	EndGlobalSection
	GlobalSection(ExtensibilityGlobals) = postSolution
		SolutionGuid = {AF77249D-E06B-4696-8325-1BACA9D6905D}
	EndGlobalSection
EndGlobal
